
Microsoft Visual Studio Solution File, Format Version 12.00
# Visual Studio Version 16
VisualStudioVersion = 16.0.30907.101
MinimumVisualStudioVersion = 10.0.40219.1
Project("{FAE04EC0-301F-11D3-BF4B-00C04F79EFBC}") = "AscendingNumbersByBubbleMethod", "AscendingNumbersByBubbleMethod\AscendingNumbersByBubbleMethod.csproj", "{9057CD05-1E4F-42AD-9412-708E37F2D2B0}"
EndProject
Project("{FAE04EC0-301F-11D3-BF4B-00C04F79EFBC}") = "StupidSort", "StupidSort\StupidSort.csproj", "{7F4FE8FA-E605-4C7F-B48A-D4993922C7AE}"
EndProject
Project("{FAE04EC0-301F-11D3-BF4B-00C04F79EFBC}") = "GnomeSort", "GnomeSort\GnomeSort.csproj", "{AFC05B7D-0D0F-401F-8698-2B622B24F1FA}"
EndProject
Global
	GlobalSection(SolutionConfigurationPlatforms) = preSolution
		Debug|Any CPU = Debug|Any CPU
		Release|Any CPU = Release|Any CPU
	EndGlobalSection
	GlobalSection(ProjectConfigurationPlatforms) = postSolution
		{9057CD05-1E4F-42AD-9412-708E37F2D2B0}.Debug|Any CPU.ActiveCfg = Debug|Any CPU
		{9057CD05-1E4F-42AD-9412-708E37F2D2B0}.Debug|Any CPU.Build.0 = Debug|Any CPU
		{9057CD05-1E4F-42AD-9412-708E37F2D2B0}.Release|Any CPU.ActiveCfg = Release|Any CPU
		{9057CD05-1E4F-42AD-9412-708E37F2D2B0}.Release|Any CPU.Build.0 = Release|Any CPU
		{7F4FE8FA-E605-4C7F-B48A-D4993922C7AE}.Debug|Any CPU.ActiveCfg = Debug|Any CPU
		{7F4FE8FA-E605-4C7F-B48A-D4993922C7AE}.Debug|Any CPU.Build.0 = Debug|Any CPU
		{7F4FE8FA-E605-4C7F-B48A-D4993922C7AE}.Release|Any CPU.ActiveCfg = Release|Any CPU
		{7F4FE8FA-E605-4C7F-B48A-D4993922C7AE}.Release|Any CPU.Build.0 = Release|Any CPU
		{AFC05B7D-0D0F-401F-8698-2B622B24F1FA}.Debug|Any CPU.ActiveCfg = Debug|Any CPU
		{AFC05B7D-0D0F-401F-8698-2B622B24F1FA}.Debug|Any CPU.Build.0 = Debug|Any CPU
		{AFC05B7D-0D0F-401F-8698-2B622B24F1FA}.Release|Any CPU.ActiveCfg = Release|Any CPU
		{AFC05B7D-0D0F-401F-8698-2B622B24F1FA}.Release|Any CPU.Build.0 = Release|Any CPU
	EndGlobalSection
	GlobalSection(SolutionProperties) = preSolution
		HideSolutionNode = FALSE
	EndGlobalSection
	GlobalSection(ExtensibilityGlobals) = postSolution
		SolutionGuid = {CE72A3DD-6654-4713-849C-88703C383DB9}
	EndGlobalSection
EndGlobal
